
Microsoft Visual Studio Solution File, Format Version 12.00
# Visual Studio Version 16
VisualStudioVersion = 16.0.31321.278
MinimumVisualStudioVersion = 10.0.40219.1
Project("{9A19103F-16F7-4668-BE54-9A1E7A4F7556}") = "App.Logger", "App.Logger.csproj", "{0D527633-28CA-4F3E-A089-9A32C221D61E}"
EndProject
Project("{9A19103F-16F7-4668-BE54-9A1E7A4F7556}") = "TestFileLog", "..\TestFileLog\TestFileLog.csproj", "{60CCFD94-A665-4621-82D8-FAB2FA65AC29}"
EndProject
Project("{FAE04EC0-301F-11D3-BF4B-00C04F79EFBC}") = "TestLogDotNetFramework", "..\TestLogDotNetFramework\TestLogDotNetFramework.csproj", "{7682F114-BC77-4C82-8BB8-620E35C9C881}"
EndProject
Project("{FAE04EC0-301F-11D3-BF4B-00C04F79EFBC}") = "AppLoggerUnitTestCore", "..\AppLoggerUnitTestCore\AppLoggerUnitTestCore.csproj", "{964DB49C-415D-4882-85C7-2B288A902974}"
EndProject
Global
	GlobalSection(SolutionConfigurationPlatforms) = preSolution
		Debug|Any CPU = Debug|Any CPU
		Release|Any CPU = Release|Any CPU
	EndGlobalSection
	GlobalSection(ProjectConfigurationPlatforms) = postSolution
		{0D527633-28CA-4F3E-A089-9A32C221D61E}.Debug|Any CPU.ActiveCfg = Debug|Any CPU
		{0D527633-28CA-4F3E-A089-9A32C221D61E}.Debug|Any CPU.Build.0 = Debug|Any CPU
		{0D527633-28CA-4F3E-A089-9A32C221D61E}.Release|Any CPU.ActiveCfg = Release|Any CPU
		{0D527633-28CA-4F3E-A089-9A32C221D61E}.Release|Any CPU.Build.0 = Release|Any CPU
		{60CCFD94-A665-4621-82D8-FAB2FA65AC29}.Debug|Any CPU.ActiveCfg = Debug|Any CPU
		{60CCFD94-A665-4621-82D8-FAB2FA65AC29}.Debug|Any CPU.Build.0 = Debug|Any CPU
		{60CCFD94-A665-4621-82D8-FAB2FA65AC29}.Release|Any CPU.ActiveCfg = Release|Any CPU
		{60CCFD94-A665-4621-82D8-FAB2FA65AC29}.Release|Any CPU.Build.0 = Release|Any CPU
		{7682F114-BC77-4C82-8BB8-620E35C9C881}.Debug|Any CPU.ActiveCfg = Debug|Any CPU
		{7682F114-BC77-4C82-8BB8-620E35C9C881}.Debug|Any CPU.Build.0 = Debug|Any CPU
		{7682F114-BC77-4C82-8BB8-620E35C9C881}.Release|Any CPU.ActiveCfg = Release|Any CPU
		{7682F114-BC77-4C82-8BB8-620E35C9C881}.Release|Any CPU.Build.0 = Release|Any CPU
		{964DB49C-415D-4882-85C7-2B288A902974}.Debug|Any CPU.ActiveCfg = Debug|Any CPU
		{964DB49C-415D-4882-85C7-2B288A902974}.Debug|Any CPU.Build.0 = Debug|Any CPU
		{964DB49C-415D-4882-85C7-2B288A902974}.Release|Any CPU.ActiveCfg = Release|Any CPU
		{964DB49C-415D-4882-85C7-2B288A902974}.Release|Any CPU.Build.0 = Release|Any CPU
	EndGlobalSection
	GlobalSection(SolutionProperties) = preSolution
		HideSolutionNode = FALSE
	EndGlobalSection
	GlobalSection(ExtensibilityGlobals) = postSolution
		SolutionGuid = {7CF1A2D9-189B-4EA8-BB61-C7E14A7EBED0}
	EndGlobalSection
EndGlobal
